
Microsoft Visual Studio Solution File, Format Version 12.00
# Visual Studio Version 16
VisualStudioVersion = 16.0.31729.503
MinimumVisualStudioVersion = 10.0.40219.1
Project("{FAE04EC0-301F-11D3-BF4B-00C04F79EFBC}") = "crud_libreria_web", "crud_libreria_web\crud_libreria_web.csproj", "{3C978E53-2669-4492-9370-3010C3666551}"
EndProject
Global
	GlobalSection(SolutionConfigurationPlatforms) = preSolution
		Debug|Any CPU = Debug|Any CPU
		Release|Any CPU = Release|Any CPU
	EndGlobalSection
	GlobalSection(ProjectConfigurationPlatforms) = postSolution
		{3C978E53-2669-4492-9370-3010C3666551}.Debug|Any CPU.ActiveCfg = Debug|Any CPU
		{3C978E53-2669-4492-9370-3010C3666551}.Debug|Any CPU.Build.0 = Debug|Any CPU
		{3C978E53-2669-4492-9370-3010C3666551}.Release|Any CPU.ActiveCfg = Release|Any CPU
		{3C978E53-2669-4492-9370-3010C3666551}.Release|Any CPU.Build.0 = Release|Any CPU
	EndGlobalSection
	GlobalSection(SolutionProperties) = preSolution
		HideSolutionNode = FALSE
	EndGlobalSection
	GlobalSection(ExtensibilityGlobals) = postSolution
		SolutionGuid = {1908F9B8-931A-4162-9044-7DBD412F23B8}
	EndGlobalSection
EndGlobal
